
Microsoft Visual Studio Solution File, Format Version 12.00
# Visual Studio 2012
Project("{FAE04EC0-301F-11D3-BF4B-00C04F79EFBC}") = "ILAST", "ILAST\ILAST.csproj", "{667C6967-0E2B-45DD-BEB0-C93A723A775C}"
EndProject
Project("{FAE04EC0-301F-11D3-BF4B-00C04F79EFBC}") = "de4dot.blocks", "de4dot.blocks\de4dot.blocks.csproj", "{045B96F2-AF80-4C4C-8D27-E38635AC705E}"
EndProject
Project("{FAE04EC0-301F-11D3-BF4B-00C04F79EFBC}") = "dnlib", "dnlib\src\dnlib.csproj", "{FDFC1237-143F-4919-8318-4926901F4639}"
EndProject
Project("{FAE04EC0-301F-11D3-BF4B-00C04F79EFBC}") = "ILAST.Test", "ILAST.Test\ILAST.Test.csproj", "{62B97230-2A36-49D6-889D-26E6923F4FA7}"
EndProject
Global
	GlobalSection(SolutionConfigurationPlatforms) = preSolution
		Debug|Any CPU = Debug|Any CPU
		Release|Any CPU = Release|Any CPU
	EndGlobalSection
	GlobalSection(ProjectConfigurationPlatforms) = postSolution
		{667C6967-0E2B-45DD-BEB0-C93A723A775C}.Debug|Any CPU.ActiveCfg = Debug|Any CPU
		{667C6967-0E2B-45DD-BEB0-C93A723A775C}.Debug|Any CPU.Build.0 = Debug|Any CPU
		{667C6967-0E2B-45DD-BEB0-C93A723A775C}.Release|Any CPU.ActiveCfg = Release|Any CPU
		{667C6967-0E2B-45DD-BEB0-C93A723A775C}.Release|Any CPU.Build.0 = Release|Any CPU
		{045B96F2-AF80-4C4C-8D27-E38635AC705E}.Debug|Any CPU.ActiveCfg = Debug|Any CPU
		{045B96F2-AF80-4C4C-8D27-E38635AC705E}.Debug|Any CPU.Build.0 = Debug|Any CPU
		{045B96F2-AF80-4C4C-8D27-E38635AC705E}.Release|Any CPU.ActiveCfg = Release|Any CPU
		{045B96F2-AF80-4C4C-8D27-E38635AC705E}.Release|Any CPU.Build.0 = Release|Any CPU
		{FDFC1237-143F-4919-8318-4926901F4639}.Debug|Any CPU.ActiveCfg = Debug|Any CPU
		{FDFC1237-143F-4919-8318-4926901F4639}.Debug|Any CPU.Build.0 = Debug|Any CPU
		{FDFC1237-143F-4919-8318-4926901F4639}.Release|Any CPU.ActiveCfg = Release|Any CPU
		{FDFC1237-143F-4919-8318-4926901F4639}.Release|Any CPU.Build.0 = Release|Any CPU
		{62B97230-2A36-49D6-889D-26E6923F4FA7}.Debug|Any CPU.ActiveCfg = Debug|Any CPU
		{62B97230-2A36-49D6-889D-26E6923F4FA7}.Debug|Any CPU.Build.0 = Debug|Any CPU
		{62B97230-2A36-49D6-889D-26E6923F4FA7}.Release|Any CPU.ActiveCfg = Release|Any CPU
		{62B97230-2A36-49D6-889D-26E6923F4FA7}.Release|Any CPU.Build.0 = Release|Any CPU
	EndGlobalSection
	GlobalSection(SolutionProperties) = preSolution
		HideSolutionNode = FALSE
	EndGlobalSection
EndGlobal
